
Microsoft Visual Studio Solution File, Format Version 12.00
# Visual Studio Version 16
VisualStudioVersion = 16.0.31729.503
MinimumVisualStudioVersion = 10.0.40219.1
Project("{FAE04EC0-301F-11D3-BF4B-00C04F79EFBC}") = "InformationCards_Client", "InformationCards_Client\InformationCards_Client.csproj", "{3D0FB4B5-64B4-491F-AA68-E759E0436BD5}"
EndProject
Project("{9A19103F-16F7-4668-BE54-9A1E7A4F7556}") = "InformationCards_Server", "..\InformationCards_Server\InformationCards_Server\InformationCards_Server.csproj", "{AA699F5F-E6AA-4234-BF4A-699E0753CD71}"
EndProject
Global
	GlobalSection(SolutionConfigurationPlatforms) = preSolution
		Debug|Any CPU = Debug|Any CPU
		Release|Any CPU = Release|Any CPU
	EndGlobalSection
	GlobalSection(ProjectConfigurationPlatforms) = postSolution
		{3D0FB4B5-64B4-491F-AA68-E759E0436BD5}.Debug|Any CPU.ActiveCfg = Debug|Any CPU
		{3D0FB4B5-64B4-491F-AA68-E759E0436BD5}.Debug|Any CPU.Build.0 = Debug|Any CPU
		{3D0FB4B5-64B4-491F-AA68-E759E0436BD5}.Release|Any CPU.ActiveCfg = Release|Any CPU
		{3D0FB4B5-64B4-491F-AA68-E759E0436BD5}.Release|Any CPU.Build.0 = Release|Any CPU
		{AA699F5F-E6AA-4234-BF4A-699E0753CD71}.Debug|Any CPU.ActiveCfg = Debug|Any CPU
		{AA699F5F-E6AA-4234-BF4A-699E0753CD71}.Debug|Any CPU.Build.0 = Debug|Any CPU
		{AA699F5F-E6AA-4234-BF4A-699E0753CD71}.Release|Any CPU.ActiveCfg = Release|Any CPU
		{AA699F5F-E6AA-4234-BF4A-699E0753CD71}.Release|Any CPU.Build.0 = Release|Any CPU
	EndGlobalSection
	GlobalSection(SolutionProperties) = preSolution
		HideSolutionNode = FALSE
	EndGlobalSection
	GlobalSection(ExtensibilityGlobals) = postSolution
		SolutionGuid = {1808862A-FB32-4BFB-B17A-A6F781CAE31F}
	EndGlobalSection
EndGlobal
